// !$*UTF8*$!
{
	archiveVersion = 1;
	classes = {
	};
	objectVersion = 48;
	objects = {

/* Begin PBXBuildFile section */
		00789934D2707BB3FC11B6C1 /* Pods_article.framework in Frameworks */ = {isa = PBXBuildFile; fileRef = 955EF6DC81FA17B635E73FB1 /* Pods_article.framework */; };
		39BEE5A9204E4CDA007B37D8 /* DataAcess.swift in Sources */ = {isa = PBXBuildFile; fileRef = 39BEE5A8204E4CDA007B37D8 /* DataAcess.swift */; };
		39BEE5AB204E4EEA007B37D8 /* Constant.swift in Sources */ = {isa = PBXBuildFile; fileRef = 39BEE5AA204E4EEA007B37D8 /* Constant.swift */; };
		7E0256AC204D48320061069D /* FormatLongDate.swift in Sources */ = {isa = PBXBuildFile; fileRef = 7E0256AB204D48320061069D /* FormatLongDate.swift */; };
		7E2E11F7204CE5BE009926BF /* AppDelegate.swift in Sources */ = {isa = PBXBuildFile; fileRef = 7E2E11F6204CE5BE009926BF /* AppDelegate.swift */; };
		7E2E11F9204CE5BE009926BF /* ArticleTableViewController.swift in Sources */ = {isa = PBXBuildFile; fileRef = 7E2E11F8204CE5BE009926BF /* ArticleTableViewController.swift */; };
		7E2E11FC204CE5BE009926BF /* Main.storyboard in Resources */ = {isa = PBXBuildFile; fileRef = 7E2E11FA204CE5BE009926BF /* Main.storyboard */; };
		7E2E11FE204CE5BE009926BF /* Assets.xcassets in Resources */ = {isa = PBXBuildFile; fileRef = 7E2E11FD204CE5BE009926BF /* Assets.xcassets */; };
		7E2E1201204CE5BE009926BF /* LaunchScreen.storyboard in Resources */ = {isa = PBXBuildFile; fileRef = 7E2E11FF204CE5BE009926BF /* LaunchScreen.storyboard */; };
		7E2E120C204CE9ED009926BF /* ArticleTableViewCell.swift in Sources */ = {isa = PBXBuildFile; fileRef = 7E2E120B204CE9ED009926BF /* ArticleTableViewCell.swift */; };
		7E2E120F204CEA9B009926BF /* Article.swift in Sources */ = {isa = PBXBuildFile; fileRef = 7E2E120E204CEA9B009926BF /* Article.swift */; };
		7E2E121C204CF0A9009926BF /* ArticleListViewModel.swift in Sources */ = {isa = PBXBuildFile; fileRef = 7E2E121B204CF0A9009926BF /* ArticleListViewModel.swift */; };
		7E2E121E204D2056009926BF /* NewsViewController.swift in Sources */ = {isa = PBXBuildFile; fileRef = 7E2E121D204D2056009926BF /* NewsViewController.swift */; };
		7E6CCF66204E3BE6001FBAB8 /* Response.swift in Sources */ = {isa = PBXBuildFile; fileRef = 7E6CCF65204E3BE6001FBAB8 /* Response.swift */; };
		7E6CCF68204E40C2001FBAB8 /* AddArticleViewController.swift in Sources */ = {isa = PBXBuildFile; fileRef = 7E6CCF67204E40C2001FBAB8 /* AddArticleViewController.swift */; };
/* End PBXBuildFile section */

/* Begin PBXFileReference section */
		39BEE5A8204E4CDA007B37D8 /* DataAcess.swift */ = {isa = PBXFileReference; lastKnownFileType = sourcecode.swift; path = DataAcess.swift; sourceTree = "<group>"; };
		39BEE5AA204E4EEA007B37D8 /* Constant.swift */ = {isa = PBXFileReference; lastKnownFileType = sourcecode.swift; path = Constant.swift; sourceTree = "<group>"; };
		63D8B14336B4D17FD2497A9D /* Pods-article.release.xcconfig */ = {isa = PBXFileReference; includeInIndex = 1; lastKnownFileType = text.xcconfig; name = "Pods-article.release.xcconfig"; path = "Pods/Target Support Files/Pods-article/Pods-article.release.xcconfig"; sourceTree = "<group>"; };
		7E0256AB204D48320061069D /* FormatLongDate.swift */ = {isa = PBXFileReference; fileEncoding = 4; lastKnownFileType = sourcecode.swift; path = FormatLongDate.swift; sourceTree = "<group>"; };
		7E2E11F3204CE5BE009926BF /* article.app */ = {isa = PBXFileReference; explicitFileType = wrapper.application; includeInIndex = 0; path = article.app; sourceTree = BUILT_PRODUCTS_DIR; };
		7E2E11F6204CE5BE009926BF /* AppDelegate.swift */ = {isa = PBXFileReference; lastKnownFileType = sourcecode.swift; path = AppDelegate.swift; sourceTree = "<group>"; };
		7E2E11F8204CE5BE009926BF /* ArticleTableViewController.swift */ = {isa = PBXFileReference; lastKnownFileType = sourcecode.swift; path = ArticleTableViewController.swift; sourceTree = "<group>"; };
		7E2E11FB204CE5BE009926BF /* Base */ = {isa = PBXFileReference; lastKnownFileType = file.storyboard; name = Base; path = Base.lproj/Main.storyboard; sourceTree = "<group>"; };
		7E2E11FD204CE5BE009926BF /* Assets.xcassets */ = {isa = PBXFileReference; lastKnownFileType = folder.assetcatalog; path = Assets.xcassets; sourceTree = "<group>"; };
		7E2E1200204CE5BE009926BF /* Base */ = {isa = PBXFileReference; lastKnownFileType = file.storyboard; name = Base; path = Base.lproj/LaunchScreen.storyboard; sourceTree = "<group>"; };
		7E2E1202204CE5BE009926BF /* Info.plist */ = {isa = PBXFileReference; lastKnownFileType = text.plist.xml; path = Info.plist; sourceTree = "<group>"; };
		7E2E120B204CE9ED009926BF /* ArticleTableViewCell.swift */ = {isa = PBXFileReference; lastKnownFileType = sourcecode.swift; path = ArticleTableViewCell.swift; sourceTree = "<group>"; };
		7E2E120E204CEA9B009926BF /* Article.swift */ = {isa = PBXFileReference; lastKnownFileType = sourcecode.swift; path = Article.swift; sourceTree = "<group>"; };
		7E2E121B204CF0A9009926BF /* ArticleListViewModel.swift */ = {isa = PBXFileReference; lastKnownFileType = sourcecode.swift; path = ArticleListViewModel.swift; sourceTree = "<group>"; };
		7E2E121D204D2056009926BF /* NewsViewController.swift */ = {isa = PBXFileReference; lastKnownFileType = sourcecode.swift; path = NewsViewController.swift; sourceTree = "<group>"; };
		7E6CCF65204E3BE6001FBAB8 /* Response.swift */ = {isa = PBXFileReference; lastKnownFileType = sourcecode.swift; path = Response.swift; sourceTree = "<group>"; };
		7E6CCF67204E40C2001FBAB8 /* AddArticleViewController.swift */ = {isa = PBXFileReference; lastKnownFileType = sourcecode.swift; path = AddArticleViewController.swift; sourceTree = "<group>"; };
		955EF6DC81FA17B635E73FB1 /* Pods_article.framework */ = {isa = PBXFileReference; explicitFileType = wrapper.framework; includeInIndex = 0; path = Pods_article.framework; sourceTree = BUILT_PRODUCTS_DIR; };
		A688D9B3FB4C9FBE0ED18FF0 /* Pods-article.debug.xcconfig */ = {isa = PBXFileReference; includeInIndex = 1; lastKnownFileType = text.xcconfig; name = "Pods-article.debug.xcconfig"; path = "Pods/Target Support Files/Pods-article/Pods-article.debug.xcconfig"; sourceTree = "<group>"; };
/* End PBXFileReference section */

/* Begin PBXFrameworksBuildPhase section */
		7E2E11F0204CE5BE009926BF /* Frameworks */ = {
			isa = PBXFrameworksBuildPhase;
			buildActionMask = 2147483647;
			files = (
				00789934D2707BB3FC11B6C1 /* Pods_article.framework in Frameworks */,
			);
			runOnlyForDeploymentPostprocessing = 0;
		};
/* End PBXFrameworksBuildPhase section */

/* Begin PBXGroup section */
		39BEE5A5204E497F007B37D8 /* Supporting Files */ = {
			isa = PBXGroup;
			children = (
				7E2E11F6204CE5BE009926BF /* AppDelegate.swift */,
				7E2E11FD204CE5BE009926BF /* Assets.xcassets */,
				7E2E1202204CE5BE009926BF /* Info.plist */,
			);
			path = "Supporting Files";
			sourceTree = "<group>";
		};
		39BEE5A6204E49C2007B37D8 /* Helper */ = {
			isa = PBXGroup;
			children = (
				7E0256AA204D48180061069D /* Utilities */,
				39BEE5A7204E49CE007B37D8 /* Lib */,
				39BEE5A8204E4CDA007B37D8 /* DataAcess.swift */,
				39BEE5AA204E4EEA007B37D8 /* Constant.swift */,
			);
			path = Helper;
			sourceTree = "<group>";
		};
		39BEE5A7204E49CE007B37D8 /* Lib */ = {
			isa = PBXGroup;
			children = (
			);
			path = Lib;
			sourceTree = "<group>";
		};
		78C7A43A5337588985817325 /* Frameworks */ = {
			isa = PBXGroup;
			children = (
				955EF6DC81FA17B635E73FB1 /* Pods_article.framework */,
			);
			name = Frameworks;
			sourceTree = "<group>";
		};
		7E0256AA204D48180061069D /* Utilities */ = {
			isa = PBXGroup;
			children = (
				7E0256AB204D48320061069D /* FormatLongDate.swift */,
			);
			path = Utilities;
			sourceTree = "<group>";
		};
		7E1EE67B204E8BD30001A403 /* Storyboards */ = {
			isa = PBXGroup;
			children = (
				7E2E120A204CE9D1009926BF /* CustomCells */,
				7E2E11FA204CE5BE009926BF /* Main.storyboard */,
				7E2E11FF204CE5BE009926BF /* LaunchScreen.storyboard */,
			);
			path = Storyboards;
			sourceTree = "<group>";
		};
		7E2E11EA204CE5BE009926BF = {
			isa = PBXGroup;
			children = (
				7E2E11F5204CE5BE009926BF /* article */,
				7E2E11F4204CE5BE009926BF /* Products */,
				80708157E2021B443A98ADDE /* Pods */,
				78C7A43A5337588985817325 /* Frameworks */,
			);
			sourceTree = "<group>";
		};
		7E2E11F4204CE5BE009926BF /* Products */ = {
			isa = PBXGroup;
			children = (
				7E2E11F3204CE5BE009926BF /* article.app */,
			);
			name = Products;
			sourceTree = "<group>";
		};
		7E2E11F5204CE5BE009926BF /* article */ = {
			isa = PBXGroup;
			children = (
				39BEE5A5204E497F007B37D8 /* Supporting Files */,
				39BEE5A6204E49C2007B37D8 /* Helper */,
				7E2E121A204CF078009926BF /* ViewModel */,
				7E2E120D204CEA7E009926BF /* Models */,
				7E2E1208204CE5D8009926BF /* Views */,
			);
			path = article;
			sourceTree = "<group>";
		};
		7E2E1208204CE5D8009926BF /* Views */ = {
			isa = PBXGroup;
			children = (
				7E2E1209204CE9B5009926BF /* ViewControllers */,
				7E1EE67B204E8BD30001A403 /* Storyboards */,
			);
			path = Views;
			sourceTree = "<group>";
		};
		7E2E1209204CE9B5009926BF /* ViewControllers */ = {
			isa = PBXGroup;
			children = (
				7E2E11F8204CE5BE009926BF /* ArticleTableViewController.swift */,
				7E2E121D204D2056009926BF /* NewsViewController.swift */,
				7E6CCF67204E40C2001FBAB8 /* AddArticleViewController.swift */,
			);
			path = ViewControllers;
			sourceTree = "<group>";
		};
		7E2E120A204CE9D1009926BF /* CustomCells */ = {
			isa = PBXGroup;
			children = (
				7E2E120B204CE9ED009926BF /* ArticleTableViewCell.swift */,
			);
			path = CustomCells;
			sourceTree = "<group>";
		};
		7E2E120D204CEA7E009926BF /* Models */ = {
			isa = PBXGroup;
			children = (
				7E6CCF65204E3BE6001FBAB8 /* Response.swift */,
				7E2E120E204CEA9B009926BF /* Article.swift */,
			);
			path = Models;
			sourceTree = "<group>";
		};
		7E2E121A204CF078009926BF /* ViewModel */ = {
			isa = PBXGroup;
			children = (
				7E2E121B204CF0A9009926BF /* ArticleListViewModel.swift */,
			);
			path = ViewModel;
			sourceTree = "<group>";
		};
		80708157E2021B443A98ADDE /* Pods */ = {
			isa = PBXGroup;
			children = (
				A688D9B3FB4C9FBE0ED18FF0 /* Pods-article.debug.xcconfig */,
				63D8B14336B4D17FD2497A9D /* Pods-article.release.xcconfig */,
			);
			name = Pods;
			sourceTree = "<group>";
		};
/* End PBXGroup section */

/* Begin PBXNativeTarget section */
		7E2E11F2204CE5BE009926BF /* article */ = {
			isa = PBXNativeTarget;
			buildConfigurationList = 7E2E1205204CE5BE009926BF /* Build configuration list for PBXNativeTarget "article" */;
			buildPhases = (
				7F01C86B4BCE512D22E3E159 /* [CP] Check Pods Manifest.lock */,
				7E2E11EF204CE5BE009926BF /* Sources */,
				7E2E11F0204CE5BE009926BF /* Frameworks */,
				7E2E11F1204CE5BE009926BF /* Resources */,
				52E0DDD812B1C01F70A3386B /* [CP] Embed Pods Frameworks */,
				50AE2ECF5ED050EDE00D39B8 /* [CP] Copy Pods Resources */,
			);
			buildRules = (
			);
			dependencies = (
			);
			name = article;
			productName = article;
			productReference = 7E2E11F3204CE5BE009926BF /* article.app */;
			productType = "com.apple.product-type.application";
		};
/* End PBXNativeTarget section */

/* Begin PBXProject section */
		7E2E11EB204CE5BE009926BF /* Project object */ = {
			isa = PBXProject;
			attributes = {
				LastSwiftUpdateCheck = 0920;
				LastUpgradeCheck = 0920;
				ORGANIZATIONNAME = Safhone;
				TargetAttributes = {
					7E2E11F2204CE5BE009926BF = {
						CreatedOnToolsVersion = 9.2;
						ProvisioningStyle = Automatic;
					};
				};
			};
			buildConfigurationList = 7E2E11EE204CE5BE009926BF /* Build configuration list for PBXProject "article" */;
			compatibilityVersion = "Xcode 8.0";
			developmentRegion = en;
			hasScannedForEncodings = 0;
			knownRegions = (
				en,
				Base,
			);
			mainGroup = 7E2E11EA204CE5BE009926BF;
			productRefGroup = 7E2E11F4204CE5BE009926BF /* Products */;
			projectDirPath = "";
			projectRoot = "";
			targets = (
				7E2E11F2204CE5BE009926BF /* article */,
			);
		};
/* End PBXProject section */

/* Begin PBXResourcesBuildPhase section */
		7E2E11F1204CE5BE009926BF /* Resources */ = {
			isa = PBXResourcesBuildPhase;
			buildActionMask = 2147483647;
			files = (
				7E2E1201204CE5BE009926BF /* LaunchScreen.storyboard in Resources */,
				7E2E11FE204CE5BE009926BF /* Assets.xcassets in Resources */,
				7E2E11FC204CE5BE009926BF /* Main.storyboard in Resources */,
			);
			runOnlyForDeploymentPostprocessing = 0;
		};
/* End PBXResourcesBuildPhase section */

/* Begin PBXShellScriptBuildPhase section */
		50AE2ECF5ED050EDE00D39B8 /* [CP] Copy Pods Resources */ = {
			isa = PBXShellScriptBuildPhase;
			buildActionMask = 2147483647;
			files = (
			);
			inputPaths = (
			);
			name = "[CP] Copy Pods Resources";
			outputPaths = (
			);
			runOnlyForDeploymentPostprocessing = 0;
			shellPath = /bin/sh;
			shellScript = "\"${SRCROOT}/Pods/Target Support Files/Pods-article/Pods-article-resources.sh\"\n";
			showEnvVarsInLog = 0;
		};
		52E0DDD812B1C01F70A3386B /* [CP] Embed Pods Frameworks */ = {
			isa = PBXShellScriptBuildPhase;
			buildActionMask = 2147483647;
			files = (
			);
			inputPaths = (
				"${SRCROOT}/Pods/Target Support Files/Pods-article/Pods-article-frameworks.sh",
				"${BUILT_PRODUCTS_DIR}/Kingfisher/Kingfisher.framework",
			);
			name = "[CP] Embed Pods Frameworks";
			outputPaths = (
				"${TARGET_BUILD_DIR}/${FRAMEWORKS_FOLDER_PATH}/Kingfisher.framework",
			);
			runOnlyForDeploymentPostprocessing = 0;
			shellPath = /bin/sh;
			shellScript = "\"${SRCROOT}/Pods/Target Support Files/Pods-article/Pods-article-frameworks.sh\"\n";
			showEnvVarsInLog = 0;
		};
		7F01C86B4BCE512D22E3E159 /* [CP] Check Pods Manifest.lock */ = {
			isa = PBXShellScriptBuildPhase;
			buildActionMask = 2147483647;
			files = (
			);
			inputPaths = (
				"${PODS_PODFILE_DIR_PATH}/Podfile.lock",
				"${PODS_ROOT}/Manifest.lock",
			);
			name = "[CP] Check Pods Manifest.lock";
			outputPaths = (
				"$(DERIVED_FILE_DIR)/Pods-article-checkManifestLockResult.txt",
			);
			runOnlyForDeploymentPostprocessing = 0;
			shellPath = /bin/sh;
			shellScript = "diff \"${PODS_PODFILE_DIR_PATH}/Podfile.lock\" \"${PODS_ROOT}/Manifest.lock\" > /dev/null\nif [ $? != 0 ] ; then\n    # print error to STDERR\n    echo \"error: The sandbox is not in sync with the Podfile.lock. Run 'pod install' or update your CocoaPods installation.\" >&2\n    exit 1\nfi\n# This output is used by Xcode 'outputs' to avoid re-running this script phase.\necho \"SUCCESS\" > \"${SCRIPT_OUTPUT_FILE_0}\"\n";
			showEnvVarsInLog = 0;
		};
/* End PBXShellScriptBuildPhase section */

/* Begin PBXSourcesBuildPhase section */
		7E2E11EF204CE5BE009926BF /* Sources */ = {
			isa = PBXSourcesBuildPhase;
			buildActionMask = 2147483647;
			files = (
				7E2E121C204CF0A9009926BF /* ArticleListViewModel.swift in Sources */,
				7E2E120F204CEA9B009926BF /* Article.swift in Sources */,
				7E6CCF66204E3BE6001FBAB8 /* Response.swift in Sources */,
				7E2E11F9204CE5BE009926BF /* ArticleTableViewController.swift in Sources */,
				7E2E121E204D2056009926BF /* NewsViewController.swift in Sources */,
				39BEE5A9204E4CDA007B37D8 /* DataAcess.swift in Sources */,
				7E2E120C204CE9ED009926BF /* ArticleTableViewCell.swift in Sources */,
				39BEE5AB204E4EEA007B37D8 /* Constant.swift in Sources */,
				7E0256AC204D48320061069D /* FormatLongDate.swift in Sources */,
				7E6CCF68204E40C2001FBAB8 /* AddArticleViewController.swift in Sources */,
				7E2E11F7204CE5BE009926BF /* AppDelegate.swift in Sources */,
			);
			runOnlyForDeploymentPostprocessing = 0;
		};
/* End PBXSourcesBuildPhase section */

/* Begin PBXVariantGroup section */
		7E2E11FA204CE5BE009926BF /* Main.storyboard */ = {
			isa = PBXVariantGroup;
			children = (
				7E2E11FB204CE5BE009926BF /* Base */,
			);
			name = Main.storyboard;
			sourceTree = "<group>";
		};
		7E2E11FF204CE5BE009926BF /* LaunchScreen.storyboard */ = {
			isa = PBXVariantGroup;
			children = (
				7E2E1200204CE5BE009926BF /* Base */,
			);
			name = LaunchScreen.storyboard;
			sourceTree = "<group>";
		};
/* End PBXVariantGroup section */

/* Begin XCBuildConfiguration section */
		7E2E1203204CE5BE009926BF /* Debug */ = {
			isa = XCBuildConfiguration;
			buildSettings = {
				ALWAYS_SEARCH_USER_PATHS = NO;
				CLANG_ANALYZER_NONNULL = YES;
				CLANG_ANALYZER_NUMBER_OBJECT_CONVERSION = YES_AGGRESSIVE;
				CLANG_CXX_LANGUAGE_STANDARD = "gnu++14";
				CLANG_CXX_LIBRARY = "libc++";
				CLANG_ENABLE_MODULES = YES;
				CLANG_ENABLE_OBJC_ARC = YES;
				CLANG_WARN_BLOCK_CAPTURE_AUTORELEASING = YES;
				CLANG_WARN_BOOL_CONVERSION = YES;
				CLANG_WARN_COMMA = YES;
				CLANG_WARN_CONSTANT_CONVERSION = YES;
				CLANG_WARN_DIRECT_OBJC_ISA_USAGE = YES_ERROR;
				CLANG_WARN_DOCUMENTATION_COMMENTS = YES;
				CLANG_WARN_EMPTY_BODY = YES;
				CLANG_WARN_ENUM_CONVERSION = YES;
				CLANG_WARN_INFINITE_RECURSION = YES;
				CLANG_WARN_INT_CONVERSION = YES;
				CLANG_WARN_NON_LITERAL_NULL_CONVERSION = YES;
				CLANG_WARN_OBJC_LITERAL_CONVERSION = YES;
				CLANG_WARN_OBJC_ROOT_CLASS = YES_ERROR;
				CLANG_WARN_RANGE_LOOP_ANALYSIS = YES;
				CLANG_WARN_STRICT_PROTOTYPES = YES;
				CLANG_WARN_SUSPICIOUS_MOVE = YES;
				CLANG_WARN_UNGUARDED_AVAILABILITY = YES_AGGRESSIVE;
				CLANG_WARN_UNREACHABLE_CODE = YES;
				CLANG_WARN__DUPLICATE_METHOD_MATCH = YES;
				CODE_SIGN_IDENTITY = "iPhone Developer";
				COPY_PHASE_STRIP = NO;
				DEBUG_INFORMATION_FORMAT = dwarf;
				ENABLE_STRICT_OBJC_MSGSEND = YES;
				ENABLE_TESTABILITY = YES;
				GCC_C_LANGUAGE_STANDARD = gnu11;
				GCC_DYNAMIC_NO_PIC = NO;
				GCC_NO_COMMON_BLOCKS = YES;
				GCC_OPTIMIZATION_LEVEL = 0;
				GCC_PREPROCESSOR_DEFINITIONS = (
					"DEBUG=1",
					"$(inherited)",
				);
				GCC_WARN_64_TO_32_BIT_CONVERSION = YES;
				GCC_WARN_ABOUT_RETURN_TYPE = YES_ERROR;
				GCC_WARN_UNDECLARED_SELECTOR = YES;
				GCC_WARN_UNINITIALIZED_AUTOS = YES_AGGRESSIVE;
				GCC_WARN_UNUSED_FUNCTION = YES;
				GCC_WARN_UNUSED_VARIABLE = YES;
				IPHONEOS_DEPLOYMENT_TARGET = 11.2;
				MTL_ENABLE_DEBUG_INFO = YES;
				ONLY_ACTIVE_ARCH = YES;
				SDKROOT = iphoneos;
				SWIFT_ACTIVE_COMPILATION_CONDITIONS = DEBUG;
				SWIFT_OPTIMIZATION_LEVEL = "-Onone";
			};
			name = Debug;
		};
		7E2E1204204CE5BE009926BF /* Release */ = {
			isa = XCBuildConfiguration;
			buildSettings = {
				ALWAYS_SEARCH_USER_PATHS = NO;
				CLANG_ANALYZER_NONNULL = YES;
				CLANG_ANALYZER_NUMBER_OBJECT_CONVERSION = YES_AGGRESSIVE;
				CLANG_CXX_LANGUAGE_STANDARD = "gnu++14";
				CLANG_CXX_LIBRARY = "libc++";
				CLANG_ENABLE_MODULES = YES;
				CLANG_ENABLE_OBJC_ARC = YES;
				CLANG_WARN_BLOCK_CAPTURE_AUTORELEASING = YES;
				CLANG_WARN_BOOL_CONVERSION = YES;
				CLANG_WARN_COMMA = YES;
				CLANG_WARN_CONSTANT_CONVERSION = YES;
				CLANG_WARN_DIRECT_OBJC_ISA_USAGE = YES_ERROR;
				CLANG_WARN_DOCUMENTATION_COMMENTS = YES;
				CLANG_WARN_EMPTY_BODY = YES;
				CLANG_WARN_ENUM_CONVERSION = YES;
				CLANG_WARN_INFINITE_RECURSION = YES;
				CLANG_WARN_INT_CONVERSION = YES;
				CLANG_WARN_NON_LITERAL_NULL_CONVERSION = YES;
				CLANG_WARN_OBJC_LITERAL_CONVERSION = YES;
				CLANG_WARN_OBJC_ROOT_CLASS = YES_ERROR;
				CLANG_WARN_RANGE_LOOP_ANALYSIS = YES;
				CLANG_WARN_STRICT_PROTOTYPES = YES;
				CLANG_WARN_SUSPICIOUS_MOVE = YES;
				CLANG_WARN_UNGUARDED_AVAILABILITY = YES_AGGRESSIVE;
				CLANG_WARN_UNREACHABLE_CODE = YES;
				CLANG_WARN__DUPLICATE_METHOD_MATCH = YES;
				CODE_SIGN_IDENTITY = "iPhone Developer";
				COPY_PHASE_STRIP = NO;
				DEBUG_INFORMATION_FORMAT = "dwarf-with-dsym";
				ENABLE_NS_ASSERTIONS = NO;
				ENABLE_STRICT_OBJC_MSGSEND = YES;
				GCC_C_LANGUAGE_STANDARD = gnu11;
				GCC_NO_COMMON_BLOCKS = YES;
				GCC_WARN_64_TO_32_BIT_CONVERSION = YES;
				GCC_WARN_ABOUT_RETURN_TYPE = YES_ERROR;
				GCC_WARN_UNDECLARED_SELECTOR = YES;
				GCC_WARN_UNINITIALIZED_AUTOS = YES_AGGRESSIVE;
				GCC_WARN_UNUSED_FUNCTION = YES;
				GCC_WARN_UNUSED_VARIABLE = YES;
				IPHONEOS_DEPLOYMENT_TARGET = 11.2;
				MTL_ENABLE_DEBUG_INFO = NO;
				SDKROOT = iphoneos;
				SWIFT_OPTIMIZATION_LEVEL = "-Owholemodule";
				VALIDATE_PRODUCT = YES;
			};
			name = Release;
		};
		7E2E1206204CE5BE009926BF /* Debug */ = {
			isa = XCBuildConfiguration;
			baseConfigurationReference = A688D9B3FB4C9FBE0ED18FF0 /* Pods-article.debug.xcconfig */;
			buildSettings = {
				ASSETCATALOG_COMPILER_APPICON_NAME = AppIcon;
				CODE_SIGN_STYLE = Automatic;
				DEVELOPMENT_TEAM = VXC7J4CP25;
				INFOPLIST_FILE = "$(SRCROOT)/article/Supporting Files/Info.plist";
				LD_RUNPATH_SEARCH_PATHS = "$(inherited) @executable_path/Frameworks";
				PRODUCT_BUNDLE_IDENTIFIER = com.safhone.article;
				PRODUCT_NAME = "$(TARGET_NAME)";
				SWIFT_VERSION = 4.0;
				TARGETED_DEVICE_FAMILY = "1,2";
			};
			name = Debug;
		};
		7E2E1207204CE5BE009926BF /* Release */ = {
			isa = XCBuildConfiguration;
			baseConfigurationReference = 63D8B14336B4D17FD2497A9D /* Pods-article.release.xcconfig */;
			buildSettings = {
				ASSETCATALOG_COMPILER_APPICON_NAME = AppIcon;
				CODE_SIGN_STYLE = Automatic;
				DEVELOPMENT_TEAM = VXC7J4CP25;
				INFOPLIST_FILE = "$(SRCROOT)/article/Supporting Files/Info.plist";
				LD_RUNPATH_SEARCH_PATHS = "$(inherited) @executable_path/Frameworks";
				PRODUCT_BUNDLE_IDENTIFIER = com.safhone.article;
				PRODUCT_NAME = "$(TARGET_NAME)";
				SWIFT_VERSION = 4.0;
				TARGETED_DEVICE_FAMILY = "1,2";
			};
			name = Release;
		};
/* End XCBuildConfiguration section */

/* Begin XCConfigurationList section */
		7E2E11EE204CE5BE009926BF /* Build configuration list for PBXProject "article" */ = {
			isa = XCConfigurationList;
			buildConfigurations = (
				7E2E1203204CE5BE009926BF /* Debug */,
				7E2E1204204CE5BE009926BF /* Release */,
			);
			defaultConfigurationIsVisible = 0;
			defaultConfigurationName = Release;
		};
		7E2E1205204CE5BE009926BF /* Build configuration list for PBXNativeTarget "article" */ = {
			isa = XCConfigurationList;
			buildConfigurations = (
				7E2E1206204CE5BE009926BF /* Debug */,
				7E2E1207204CE5BE009926BF /* Release */,
			);
			defaultConfigurationIsVisible = 0;
			defaultConfigurationName = Release;
		};
/* End XCConfigurationList section */
	};
	rootObject = 7E2E11EB204CE5BE009926BF /* Project object */;
}
